// !$*UTF8*$!
{
	archiveVersion = 1;
	classes = {
	};
	objectVersion = 46;
	objects = {

/* Begin PBXBuildFile section */
		45BF99CA1A131E3A004E4E2E /* AppDelegate.swift in Sources */ = {isa = PBXBuildFile; fileRef = 45BF99C91A131E3A004E4E2E /* AppDelegate.swift */; };
		45BF99CC1A131E3A004E4E2E /* Images.xcassets in Resources */ = {isa = PBXBuildFile; fileRef = 45BF99CB1A131E3A004E4E2E /* Images.xcassets */; };
		45BF99CF1A131E3A004E4E2E /* MainMenu.xib in Resources */ = {isa = PBXBuildFile; fileRef = 45BF99CD1A131E3A004E4E2E /* MainMenu.xib */; };
		45BF99DB1A131E3A004E4E2E /* TestdriveAppTests.swift in Sources */ = {isa = PBXBuildFile; fileRef = 45BF99DA1A131E3A004E4E2E /* TestdriveAppTests.swift */; };
		45D9707A1A155D520037649F /* EonilFileSystemEvents.h in Headers */ = {isa = PBXBuildFile; fileRef = 45D970791A155D520037649F /* EonilFileSystemEvents.h */; };
		45D9707C1A155D520037649F /* EonilFileSystemEvents.m in Sources */ = {isa = PBXBuildFile; fileRef = 45D9707B1A155D520037649F /* EonilFileSystemEvents.m */; };
		45D970821A155D520037649F /* libEonilFileSystemEvents.a in Frameworks */ = {isa = PBXBuildFile; fileRef = 45D970771A155D520037649F /* libEonilFileSystemEvents.a */; };
		45D970901A155D780037649F /* EonilFileSystemEventStream.m in Sources */ = {isa = PBXBuildFile; fileRef = 45BF99BE1A131987004E4E2E /* EonilFileSystemEventStream.m */; };
		45D970911A155D780037649F /* EonilJustFSEventStreamWrapper.m in Sources */ = {isa = PBXBuildFile; fileRef = 45BF99B21A130C6D004E4E2E /* EonilJustFSEventStreamWrapper.m */; };
		45D970991A155DD50037649F /* main.m in Sources */ = {isa = PBXBuildFile; fileRef = 45D970981A155DD50037649F /* main.m */; };
		45D9709F1A155E700037649F /* EonilFileSystemEventStream.m in Sources */ = {isa = PBXBuildFile; fileRef = 45BF99BE1A131987004E4E2E /* EonilFileSystemEventStream.m */; };
		45D970A01A155E700037649F /* EonilJustFSEventStreamWrapper.m in Sources */ = {isa = PBXBuildFile; fileRef = 45BF99B21A130C6D004E4E2E /* EonilJustFSEventStreamWrapper.m */; };
/* End PBXBuildFile section */

/* Begin PBXContainerItemProxy section */
		45BF99D51A131E3A004E4E2E /* PBXContainerItemProxy */ = {
			isa = PBXContainerItemProxy;
			containerPortal = 45BF998A1A130C55004E4E2E /* Project object */;
			proxyType = 1;
			remoteGlobalIDString = 45BF99C41A131E3A004E4E2E;
			remoteInfo = TestdriveApp;
		};
		45D970831A155D520037649F /* PBXContainerItemProxy */ = {
			isa = PBXContainerItemProxy;
			containerPortal = 45BF998A1A130C55004E4E2E /* Project object */;
			proxyType = 1;
			remoteGlobalIDString = 45D970761A155D520037649F;
			remoteInfo = EonilFileSystemEvents;
		};
/* End PBXContainerItemProxy section */

/* Begin PBXCopyFilesBuildPhase section */
		45D970941A155DD50037649F /* CopyFiles */ = {
			isa = PBXCopyFilesBuildPhase;
			buildActionMask = 2147483647;
			dstPath = /usr/share/man/man1/;
			dstSubfolderSpec = 0;
			files = (
			);
			runOnlyForDeploymentPostprocessing = 1;
		};
		45EB2A5F1A155AE200014AFE /* Embed Frameworks */ = {
			isa = PBXCopyFilesBuildPhase;
			buildActionMask = 2147483647;
			dstPath = "";
			dstSubfolderSpec = 10;
			files = (
			);
			name = "Embed Frameworks";
			runOnlyForDeploymentPostprocessing = 0;
		};
/* End PBXCopyFilesBuildPhase section */

/* Begin PBXFileReference section */
		45338DFC1A15370100252EE4 /* TestdriveApp-Briding-Header.h */ = {isa = PBXFileReference; lastKnownFileType = sourcecode.c.h; path = "TestdriveApp-Briding-Header.h"; sourceTree = "<group>"; };
		454E42A81A13C823007BEE79 /* README.md */ = {isa = PBXFileReference; fileEncoding = 4; lastKnownFileType = net.daringfireball.markdown; path = README.md; sourceTree = "<group>"; };
		45BF99971A130C55004E4E2E /* Info.plist */ = {isa = PBXFileReference; lastKnownFileType = text.plist.xml; path = Info.plist; sourceTree = "<group>"; };
		45BF99981A130C55004E4E2E /* EonilFileSystemEvents.h */ = {isa = PBXFileReference; lastKnownFileType = sourcecode.c.h; path = EonilFileSystemEvents.h; sourceTree = "<group>"; };
		45BF99A41A130C55004E4E2E /* Info.plist */ = {isa = PBXFileReference; lastKnownFileType = text.plist.xml; path = Info.plist; sourceTree = "<group>"; };
		45BF99A51A130C55004E4E2E /* EonilFSEventsTests.m */ = {isa = PBXFileReference; lastKnownFileType = sourcecode.c.objc; path = EonilFSEventsTests.m; sourceTree = "<group>"; };
		45BF99B11A130C6D004E4E2E /* EonilJustFSEventStreamWrapper.h */ = {isa = PBXFileReference; fileEncoding = 4; lastKnownFileType = sourcecode.c.h; path = EonilJustFSEventStreamWrapper.h; sourceTree = "<group>"; };
		45BF99B21A130C6D004E4E2E /* EonilJustFSEventStreamWrapper.m */ = {isa = PBXFileReference; fileEncoding = 4; lastKnownFileType = sourcecode.c.objc; path = EonilJustFSEventStreamWrapper.m; sourceTree = "<group>"; };
		45BF99B51A130CBD004E4E2E /* CoreServices.framework */ = {isa = PBXFileReference; lastKnownFileType = wrapper.framework; name = CoreServices.framework; path = System/Library/Frameworks/CoreServices.framework; sourceTree = SDKROOT; };
		45BF99BD1A131987004E4E2E /* EonilFileSystemEventStream.h */ = {isa = PBXFileReference; fileEncoding = 4; lastKnownFileType = sourcecode.c.h; path = EonilFileSystemEventStream.h; sourceTree = "<group>"; };
		45BF99BE1A131987004E4E2E /* EonilFileSystemEventStream.m */ = {isa = PBXFileReference; fileEncoding = 4; lastKnownFileType = sourcecode.c.objc; path = EonilFileSystemEventStream.m; sourceTree = "<group>"; };
		45BF99C51A131E3A004E4E2E /* TestdriveApp.app */ = {isa = PBXFileReference; explicitFileType = wrapper.application; includeInIndex = 0; path = TestdriveApp.app; sourceTree = BUILT_PRODUCTS_DIR; };
		45BF99C81A131E3A004E4E2E /* Info.plist */ = {isa = PBXFileReference; lastKnownFileType = text.plist.xml; path = Info.plist; sourceTree = "<group>"; };
		45BF99C91A131E3A004E4E2E /* AppDelegate.swift */ = {isa = PBXFileReference; lastKnownFileType = sourcecode.swift; path = AppDelegate.swift; sourceTree = "<group>"; };
		45BF99CB1A131E3A004E4E2E /* Images.xcassets */ = {isa = PBXFileReference; lastKnownFileType = folder.assetcatalog; path = Images.xcassets; sourceTree = "<group>"; };
		45BF99CE1A131E3A004E4E2E /* Base */ = {isa = PBXFileReference; lastKnownFileType = file.xib; name = Base; path = Base.lproj/MainMenu.xib; sourceTree = "<group>"; };
		45BF99D41A131E3A004E4E2E /* TestdriveAppTests.xctest */ = {isa = PBXFileReference; explicitFileType = wrapper.cfbundle; includeInIndex = 0; path = TestdriveAppTests.xctest; sourceTree = BUILT_PRODUCTS_DIR; };
		45BF99D91A131E3A004E4E2E /* Info.plist */ = {isa = PBXFileReference; lastKnownFileType = text.plist.xml; path = Info.plist; sourceTree = "<group>"; };
		45BF99DA1A131E3A004E4E2E /* TestdriveAppTests.swift */ = {isa = PBXFileReference; lastKnownFileType = sourcecode.swift; path = TestdriveAppTests.swift; sourceTree = "<group>"; };
		45D970771A155D520037649F /* libEonilFileSystemEvents.a */ = {isa = PBXFileReference; explicitFileType = archive.ar; includeInIndex = 0; path = libEonilFileSystemEvents.a; sourceTree = BUILT_PRODUCTS_DIR; };
		45D970791A155D520037649F /* EonilFileSystemEvents.h */ = {isa = PBXFileReference; lastKnownFileType = sourcecode.c.h; path = EonilFileSystemEvents.h; sourceTree = "<group>"; };
		45D9707B1A155D520037649F /* EonilFileSystemEvents.m */ = {isa = PBXFileReference; lastKnownFileType = sourcecode.c.objc; path = EonilFileSystemEvents.m; sourceTree = "<group>"; };
		45D970811A155D520037649F /* EonilFileSystemEventsTests.xctest */ = {isa = PBXFileReference; explicitFileType = wrapper.cfbundle; includeInIndex = 0; path = EonilFileSystemEventsTests.xctest; sourceTree = BUILT_PRODUCTS_DIR; };
		45D970871A155D520037649F /* Info.plist */ = {isa = PBXFileReference; lastKnownFileType = text.plist.xml; path = Info.plist; sourceTree = "<group>"; };
		45D970961A155DD50037649F /* Tester2 */ = {isa = PBXFileReference; explicitFileType = "compiled.mach-o.executable"; includeInIndex = 0; path = Tester2; sourceTree = BUILT_PRODUCTS_DIR; };
		45D970981A155DD50037649F /* main.m */ = {isa = PBXFileReference; lastKnownFileType = sourcecode.c.objc; path = main.m; sourceTree = "<group>"; };
		45EB2A771A155CF500014AFE /* main.m */ = {isa = PBXFileReference; lastKnownFileType = sourcecode.c.objc; path = main.m; sourceTree = "<group>"; };
/* End PBXFileReference section */

/* Begin PBXFrameworksBuildPhase section */
		45BF99C21A131E3A004E4E2E /* Frameworks */ = {
			isa = PBXFrameworksBuildPhase;
			buildActionMask = 2147483647;
			files = (
			);
			runOnlyForDeploymentPostprocessing = 0;
		};
		45BF99D11A131E3A004E4E2E /* Frameworks */ = {
			isa = PBXFrameworksBuildPhase;
			buildActionMask = 2147483647;
			files = (
			);
			runOnlyForDeploymentPostprocessing = 0;
		};
		45D970741A155D520037649F /* Frameworks */ = {
			isa = PBXFrameworksBuildPhase;
			buildActionMask = 2147483647;
			files = (
			);
			runOnlyForDeploymentPostprocessing = 0;
		};
		45D9707E1A155D520037649F /* Frameworks */ = {
			isa = PBXFrameworksBuildPhase;
			buildActionMask = 2147483647;
			files = (
				45D970821A155D520037649F /* libEonilFileSystemEvents.a in Frameworks */,
			);
			runOnlyForDeploymentPostprocessing = 0;
		};
		45D970931A155DD50037649F /* Frameworks */ = {
			isa = PBXFrameworksBuildPhase;
			buildActionMask = 2147483647;
			files = (
			);
			runOnlyForDeploymentPostprocessing = 0;
		};
/* End PBXFrameworksBuildPhase section */

/* Begin PBXGroup section */
		45BF99891A130C55004E4E2E = {
			isa = PBXGroup;
			children = (
				454E42A81A13C823007BEE79 /* README.md */,
				45BF99B51A130CBD004E4E2E /* CoreServices.framework */,
				45BF99951A130C55004E4E2E /* EonilFSEvents */,
				45BF99A21A130C55004E4E2E /* EonilFSEventsTests */,
				45BF99C61A131E3A004E4E2E /* TestdriveApp */,
				45BF99D71A131E3A004E4E2E /* TestdriveAppTests */,
				45EB2A761A155CF500014AFE /* Tester2 */,
				45D970781A155D520037649F /* EonilFileSystemEvents */,
				45D970851A155D520037649F /* EonilFileSystemEventsTests */,
				45D970971A155DD50037649F /* Tester2 */,
				45BF99941A130C55004E4E2E /* Products */,
			);
			sourceTree = "<group>";
		};
		45BF99941A130C55004E4E2E /* Products */ = {
			isa = PBXGroup;
			children = (
				45BF99C51A131E3A004E4E2E /* TestdriveApp.app */,
				45BF99D41A131E3A004E4E2E /* TestdriveAppTests.xctest */,
				45D970771A155D520037649F /* libEonilFileSystemEvents.a */,
				45D970811A155D520037649F /* EonilFileSystemEventsTests.xctest */,
				45D970961A155DD50037649F /* Tester2 */,
			);
			name = Products;
			sourceTree = "<group>";
		};
		45BF99951A130C55004E4E2E /* EonilFSEvents */ = {
			isa = PBXGroup;
			children = (
				45BF99981A130C55004E4E2E /* EonilFileSystemEvents.h */,
				45BF99BD1A131987004E4E2E /* EonilFileSystemEventStream.h */,
				45BF99BE1A131987004E4E2E /* EonilFileSystemEventStream.m */,
				45BF99B11A130C6D004E4E2E /* EonilJustFSEventStreamWrapper.h */,
				45BF99B21A130C6D004E4E2E /* EonilJustFSEventStreamWrapper.m */,
				45BF99961A130C55004E4E2E /* Supporting Files */,
			);
			path = EonilFSEvents;
			sourceTree = "<group>";
		};
		45BF99961A130C55004E4E2E /* Supporting Files */ = {
			isa = PBXGroup;
			children = (
				45BF99971A130C55004E4E2E /* Info.plist */,
			);
			name = "Supporting Files";
			sourceTree = "<group>";
		};
		45BF99A21A130C55004E4E2E /* EonilFSEventsTests */ = {
			isa = PBXGroup;
			children = (
				45BF99A51A130C55004E4E2E /* EonilFSEventsTests.m */,
				45BF99A31A130C55004E4E2E /* Supporting Files */,
			);
			path = EonilFSEventsTests;
			sourceTree = "<group>";
		};
		45BF99A31A130C55004E4E2E /* Supporting Files */ = {
			isa = PBXGroup;
			children = (
				45BF99A41A130C55004E4E2E /* Info.plist */,
			);
			name = "Supporting Files";
			sourceTree = "<group>";
		};
		45BF99C61A131E3A004E4E2E /* TestdriveApp */ = {
			isa = PBXGroup;
			children = (
				45BF99C91A131E3A004E4E2E /* AppDelegate.swift */,
				45BF99CB1A131E3A004E4E2E /* Images.xcassets */,
				45BF99CD1A131E3A004E4E2E /* MainMenu.xib */,
				45BF99C71A131E3A004E4E2E /* Supporting Files */,
				45338DFC1A15370100252EE4 /* TestdriveApp-Briding-Header.h */,
			);
			path = TestdriveApp;
			sourceTree = "<group>";
		};
		45BF99C71A131E3A004E4E2E /* Supporting Files */ = {
			isa = PBXGroup;
			children = (
				45BF99C81A131E3A004E4E2E /* Info.plist */,
			);
			name = "Supporting Files";
			sourceTree = "<group>";
		};
		45BF99D71A131E3A004E4E2E /* TestdriveAppTests */ = {
			isa = PBXGroup;
			children = (
				45BF99DA1A131E3A004E4E2E /* TestdriveAppTests.swift */,
				45BF99D81A131E3A004E4E2E /* Supporting Files */,
			);
			path = TestdriveAppTests;
			sourceTree = "<group>";
		};
		45BF99D81A131E3A004E4E2E /* Supporting Files */ = {
			isa = PBXGroup;
			children = (
				45BF99D91A131E3A004E4E2E /* Info.plist */,
			);
			name = "Supporting Files";
			sourceTree = "<group>";
		};
		45D970781A155D520037649F /* EonilFileSystemEvents */ = {
			isa = PBXGroup;
			children = (
				45D970791A155D520037649F /* EonilFileSystemEvents.h */,
				45D9707B1A155D520037649F /* EonilFileSystemEvents.m */,
			);
			path = EonilFileSystemEvents;
			sourceTree = "<group>";
		};
		45D970851A155D520037649F /* EonilFileSystemEventsTests */ = {
			isa = PBXGroup;
			children = (
				45D970861A155D520037649F /* Supporting Files */,
			);
			path = EonilFileSystemEventsTests;
			sourceTree = "<group>";
		};
		45D970861A155D520037649F /* Supporting Files */ = {
			isa = PBXGroup;
			children = (
				45D970871A155D520037649F /* Info.plist */,
			);
			name = "Supporting Files";
			sourceTree = "<group>";
		};
		45D970971A155DD50037649F /* Tester2 */ = {
			isa = PBXGroup;
			children = (
				45D970981A155DD50037649F /* main.m */,
			);
			path = Tester2;
			sourceTree = "<group>";
		};
		45EB2A761A155CF500014AFE /* Tester2 */ = {
			isa = PBXGroup;
			children = (
				45EB2A771A155CF500014AFE /* main.m */,
			);
			path = Tester2;
			sourceTree = "<group>";
		};
/* End PBXGroup section */

/* Begin PBXHeadersBuildPhase section */
		45D970751A155D520037649F /* Headers */ = {
			isa = PBXHeadersBuildPhase;
			buildActionMask = 2147483647;
			files = (
				45D9707A1A155D520037649F /* EonilFileSystemEvents.h in Headers */,
			);
			runOnlyForDeploymentPostprocessing = 0;
		};
/* End PBXHeadersBuildPhase section */

/* Begin PBXNativeTarget section */
		45BF99C41A131E3A004E4E2E /* TestdriveApp */ = {
			isa = PBXNativeTarget;
			buildConfigurationList = 45BF99DC1A131E3A004E4E2E /* Build configuration list for PBXNativeTarget "TestdriveApp" */;
			buildPhases = (
				45BF99C11A131E3A004E4E2E /* Sources */,
				45BF99C21A131E3A004E4E2E /* Frameworks */,
				45BF99C31A131E3A004E4E2E /* Resources */,
				45EB2A5F1A155AE200014AFE /* Embed Frameworks */,
			);
			buildRules = (
			);
			dependencies = (
			);
			name = TestdriveApp;
			productName = TestdriveApp;
			productReference = 45BF99C51A131E3A004E4E2E /* TestdriveApp.app */;
			productType = "com.apple.product-type.application";
		};
		45BF99D31A131E3A004E4E2E /* TestdriveAppTests */ = {
			isa = PBXNativeTarget;
			buildConfigurationList = 45BF99DF1A131E3A004E4E2E /* Build configuration list for PBXNativeTarget "TestdriveAppTests" */;
			buildPhases = (
				45BF99D01A131E3A004E4E2E /* Sources */,
				45BF99D11A131E3A004E4E2E /* Frameworks */,
				45BF99D21A131E3A004E4E2E /* Resources */,
			);
			buildRules = (
			);
			dependencies = (
				45BF99D61A131E3A004E4E2E /* PBXTargetDependency */,
			);
			name = TestdriveAppTests;
			productName = TestdriveAppTests;
			productReference = 45BF99D41A131E3A004E4E2E /* TestdriveAppTests.xctest */;
			productType = "com.apple.product-type.bundle.unit-test";
		};
		45D970761A155D520037649F /* EonilFileSystemEvents */ = {
			isa = PBXNativeTarget;
			buildConfigurationList = 45D970881A155D520037649F /* Build configuration list for PBXNativeTarget "EonilFileSystemEvents" */;
			buildPhases = (
				45D970731A155D520037649F /* Sources */,
				45D970741A155D520037649F /* Frameworks */,
				45D970751A155D520037649F /* Headers */,
			);
			buildRules = (
			);
			dependencies = (
			);
			name = EonilFileSystemEvents;
			productName = EonilFileSystemEvents;
			productReference = 45D970771A155D520037649F /* libEonilFileSystemEvents.a */;
			productType = "com.apple.product-type.library.static";
		};
		45D970801A155D520037649F /* EonilFileSystemEventsTests */ = {
			isa = PBXNativeTarget;
			buildConfigurationList = 45D9708B1A155D520037649F /* Build configuration list for PBXNativeTarget "EonilFileSystemEventsTests" */;
			buildPhases = (
				45D9707D1A155D520037649F /* Sources */,
				45D9707E1A155D520037649F /* Frameworks */,
				45D9707F1A155D520037649F /* Resources */,
			);
			buildRules = (
			);
			dependencies = (
				45D970841A155D520037649F /* PBXTargetDependency */,
			);
			name = EonilFileSystemEventsTests;
			productName = EonilFileSystemEventsTests;
			productReference = 45D970811A155D520037649F /* EonilFileSystemEventsTests.xctest */;
			productType = "com.apple.product-type.bundle.unit-test";
		};
		45D970951A155DD50037649F /* Tester2 */ = {
			isa = PBXNativeTarget;
			buildConfigurationList = 45D9709A1A155DD50037649F /* Build configuration list for PBXNativeTarget "Tester2" */;
			buildPhases = (
				45D970921A155DD50037649F /* Sources */,
				45D970931A155DD50037649F /* Frameworks */,
				45D970941A155DD50037649F /* CopyFiles */,
			);
			buildRules = (
			);
			dependencies = (
			);
			name = Tester2;
			productName = Tester2;
			productReference = 45D970961A155DD50037649F /* Tester2 */;
			productType = "com.apple.product-type.tool";
		};
/* End PBXNativeTarget section */

/* Begin PBXProject section */
		45BF998A1A130C55004E4E2E /* Project object */ = {
			isa = PBXProject;
			attributes = {
				LastUpgradeCheck = 0610;
				ORGANIZATIONNAME = Eonil;
				TargetAttributes = {
					45BF99C41A131E3A004E4E2E = {
						CreatedOnToolsVersion = 6.1;
					};
					45BF99D31A131E3A004E4E2E = {
						CreatedOnToolsVersion = 6.1;
						TestTargetID = 45BF99C41A131E3A004E4E2E;
					};
					45D970761A155D520037649F = {
						CreatedOnToolsVersion = 6.1;
					};
					45D970801A155D520037649F = {
						CreatedOnToolsVersion = 6.1;
					};
					45D970951A155DD50037649F = {
						CreatedOnToolsVersion = 6.1;
					};
				};
			};
			buildConfigurationList = 45BF998D1A130C55004E4E2E /* Build configuration list for PBXProject "EonilFileSystemEvents" */;
			compatibilityVersion = "Xcode 3.2";
			developmentRegion = English;
			hasScannedForEncodings = 0;
			knownRegions = (
				en,
				Base,
			);
			mainGroup = 45BF99891A130C55004E4E2E;
			productRefGroup = 45BF99941A130C55004E4E2E /* Products */;
			projectDirPath = "";
			projectRoot = "";
			targets = (
				45BF99C41A131E3A004E4E2E /* TestdriveApp */,
				45BF99D31A131E3A004E4E2E /* TestdriveAppTests */,
				45D970761A155D520037649F /* EonilFileSystemEvents */,
				45D970801A155D520037649F /* EonilFileSystemEventsTests */,
				45D970951A155DD50037649F /* Tester2 */,
			);
		};
/* End PBXProject section */

/* Begin PBXResourcesBuildPhase section */
		45BF99C31A131E3A004E4E2E /* Resources */ = {
			isa = PBXResourcesBuildPhase;
			buildActionMask = 2147483647;
			files = (
				45BF99CC1A131E3A004E4E2E /* Images.xcassets in Resources */,
				45BF99CF1A131E3A004E4E2E /* MainMenu.xib in Resources */,
			);
			runOnlyForDeploymentPostprocessing = 0;
		};
		45BF99D21A131E3A004E4E2E /* Resources */ = {
			isa = PBXResourcesBuildPhase;
			buildActionMask = 2147483647;
			files = (
			);
			runOnlyForDeploymentPostprocessing = 0;
		};
		45D9707F1A155D520037649F /* Resources */ = {
			isa = PBXResourcesBuildPhase;
			buildActionMask = 2147483647;
			files = (
			);
			runOnlyForDeploymentPostprocessing = 0;
		};
/* End PBXResourcesBuildPhase section */

/* Begin PBXSourcesBuildPhase section */
		45BF99C11A131E3A004E4E2E /* Sources */ = {
			isa = PBXSourcesBuildPhase;
			buildActionMask = 2147483647;
			files = (
				45BF99CA1A131E3A004E4E2E /* AppDelegate.swift in Sources */,
				45D970911A155D780037649F /* EonilJustFSEventStreamWrapper.m in Sources */,
				45D970901A155D780037649F /* EonilFileSystemEventStream.m in Sources */,
			);
			runOnlyForDeploymentPostprocessing = 0;
		};
		45BF99D01A131E3A004E4E2E /* Sources */ = {
			isa = PBXSourcesBuildPhase;
			buildActionMask = 2147483647;
			files = (
				45BF99DB1A131E3A004E4E2E /* TestdriveAppTests.swift in Sources */,
			);
			runOnlyForDeploymentPostprocessing = 0;
		};
		45D970731A155D520037649F /* Sources */ = {
			isa = PBXSourcesBuildPhase;
			buildActionMask = 2147483647;
			files = (
				45D9707C1A155D520037649F /* EonilFileSystemEvents.m in Sources */,
			);
			runOnlyForDeploymentPostprocessing = 0;
		};
		45D9707D1A155D520037649F /* Sources */ = {
			isa = PBXSourcesBuildPhase;
			buildActionMask = 2147483647;
			files = (
			);
			runOnlyForDeploymentPostprocessing = 0;
		};
		45D970921A155DD50037649F /* Sources */ = {
			isa = PBXSourcesBuildPhase;
			buildActionMask = 2147483647;
			files = (
				45D970991A155DD50037649F /* main.m in Sources */,
				45D970A01A155E700037649F /* EonilJustFSEventStreamWrapper.m in Sources */,
				45D9709F1A155E700037649F /* EonilFileSystemEventStream.m in Sources */,
			);
			runOnlyForDeploymentPostprocessing = 0;
		};
/* End PBXSourcesBuildPhase section */

/* Begin PBXTargetDependency section */
		45BF99D61A131E3A004E4E2E /* PBXTargetDependency */ = {
			isa = PBXTargetDependency;
			target = 45BF99C41A131E3A004E4E2E /* TestdriveApp */;
			targetProxy = 45BF99D51A131E3A004E4E2E /* PBXContainerItemProxy */;
		};
		45D970841A155D520037649F /* PBXTargetDependency */ = {
			isa = PBXTargetDependency;
			target = 45D970761A155D520037649F /* EonilFileSystemEvents */;
			targetProxy = 45D970831A155D520037649F /* PBXContainerItemProxy */;
		};
/* End PBXTargetDependency section */

/* Begin PBXVariantGroup section */
		45BF99CD1A131E3A004E4E2E /* MainMenu.xib */ = {
			isa = PBXVariantGroup;
			children = (
				45BF99CE1A131E3A004E4E2E /* Base */,
			);
			name = MainMenu.xib;
			sourceTree = "<group>";
		};
/* End PBXVariantGroup section */

/* Begin XCBuildConfiguration section */
		45BF99A71A130C55004E4E2E /* Debug */ = {
			isa = XCBuildConfiguration;
			buildSettings = {
				ALWAYS_SEARCH_USER_PATHS = NO;
				CLANG_CXX_LANGUAGE_STANDARD = "gnu++0x";
				CLANG_CXX_LIBRARY = "libc++";
				CLANG_ENABLE_MODULES = YES;
				CLANG_ENABLE_OBJC_ARC = YES;
				CLANG_WARN_BOOL_CONVERSION = YES;
				CLANG_WARN_CONSTANT_CONVERSION = YES;
				CLANG_WARN_DIRECT_OBJC_ISA_USAGE = YES_ERROR;
				CLANG_WARN_EMPTY_BODY = YES;
				CLANG_WARN_ENUM_CONVERSION = YES;
				CLANG_WARN_INT_CONVERSION = YES;
				CLANG_WARN_OBJC_ROOT_CLASS = YES_ERROR;
				CLANG_WARN_UNREACHABLE_CODE = YES;
				CLANG_WARN__DUPLICATE_METHOD_MATCH = YES;
				COPY_PHASE_STRIP = NO;
				CURRENT_PROJECT_VERSION = 1;
				ENABLE_STRICT_OBJC_MSGSEND = YES;
				GCC_C_LANGUAGE_STANDARD = gnu99;
				GCC_DYNAMIC_NO_PIC = NO;
				GCC_OPTIMIZATION_LEVEL = 0;
				GCC_PREPROCESSOR_DEFINITIONS = (
					"DEBUG=1",
					"$(inherited)",
				);
				GCC_SYMBOLS_PRIVATE_EXTERN = NO;
				GCC_WARN_64_TO_32_BIT_CONVERSION = YES;
				GCC_WARN_ABOUT_RETURN_TYPE = YES_ERROR;
				GCC_WARN_UNDECLARED_SELECTOR = YES;
				GCC_WARN_UNINITIALIZED_AUTOS = YES_AGGRESSIVE;
				GCC_WARN_UNUSED_FUNCTION = YES;
				GCC_WARN_UNUSED_VARIABLE = YES;
				MACOSX_DEPLOYMENT_TARGET = 10.10;
				MTL_ENABLE_DEBUG_INFO = YES;
				ONLY_ACTIVE_ARCH = YES;
				SDKROOT = macosx;
				SWIFT_OBJC_BRIDGING_HEADER = "TestdriveApp/TestdriveApp-Briding-Header.h";
				VERSIONING_SYSTEM = "apple-generic";
				VERSION_INFO_PREFIX = "";
			};
			name = Debug;
		};
		45BF99A81A130C55004E4E2E /* Release */ = {
			isa = XCBuildConfiguration;
			buildSettings = {
				ALWAYS_SEARCH_USER_PATHS = NO;
				CLANG_CXX_LANGUAGE_STANDARD = "gnu++0x";
				CLANG_CXX_LIBRARY = "libc++";
				CLANG_ENABLE_MODULES = YES;
				CLANG_ENABLE_OBJC_ARC = YES;
				CLANG_WARN_BOOL_CONVERSION = YES;
				CLANG_WARN_CONSTANT_CONVERSION = YES;
				CLANG_WARN_DIRECT_OBJC_ISA_USAGE = YES_ERROR;
				CLANG_WARN_EMPTY_BODY = YES;
				CLANG_WARN_ENUM_CONVERSION = YES;
				CLANG_WARN_INT_CONVERSION = YES;
				CLANG_WARN_OBJC_ROOT_CLASS = YES_ERROR;
				CLANG_WARN_UNREACHABLE_CODE = YES;
				CLANG_WARN__DUPLICATE_METHOD_MATCH = YES;
				COPY_PHASE_STRIP = YES;
				CURRENT_PROJECT_VERSION = 1;
				DEBUG_INFORMATION_FORMAT = "dwarf-with-dsym";
				ENABLE_NS_ASSERTIONS = NO;
				ENABLE_STRICT_OBJC_MSGSEND = YES;
				GCC_C_LANGUAGE_STANDARD = gnu99;
				GCC_WARN_64_TO_32_BIT_CONVERSION = YES;
				GCC_WARN_ABOUT_RETURN_TYPE = YES_ERROR;
				GCC_WARN_UNDECLARED_SELECTOR = YES;
				GCC_WARN_UNINITIALIZED_AUTOS = YES_AGGRESSIVE;
				GCC_WARN_UNUSED_FUNCTION = YES;
				GCC_WARN_UNUSED_VARIABLE = YES;
				MACOSX_DEPLOYMENT_TARGET = 10.10;
				MTL_ENABLE_DEBUG_INFO = NO;
				SDKROOT = macosx;
				SWIFT_OBJC_BRIDGING_HEADER = "TestdriveApp/TestdriveApp-Briding-Header.h";
				VERSIONING_SYSTEM = "apple-generic";
				VERSION_INFO_PREFIX = "";
			};
			name = Release;
		};
		45BF99DD1A131E3A004E4E2E /* Debug */ = {
			isa = XCBuildConfiguration;
			buildSettings = {
				ASSETCATALOG_COMPILER_APPICON_NAME = AppIcon;
				CODE_SIGN_IDENTITY = "-";
				COMBINE_HIDPI_IMAGES = YES;
				GCC_PREPROCESSOR_DEFINITIONS = (
					"DEBUG=1",
					"$(inherited)",
				);
				INFOPLIST_FILE = TestdriveApp/Info.plist;
				LD_RUNPATH_SEARCH_PATHS = "$(inherited) @executable_path/../Frameworks";
				PRODUCT_NAME = "$(TARGET_NAME)";
				SWIFT_OPTIMIZATION_LEVEL = "-Onone";
			};
			name = Debug;
		};
		45BF99DE1A131E3A004E4E2E /* Release */ = {
			isa = XCBuildConfiguration;
			buildSettings = {
				ASSETCATALOG_COMPILER_APPICON_NAME = AppIcon;
				CODE_SIGN_IDENTITY = "-";
				COMBINE_HIDPI_IMAGES = YES;
				INFOPLIST_FILE = TestdriveApp/Info.plist;
				LD_RUNPATH_SEARCH_PATHS = "$(inherited) @executable_path/../Frameworks";
				PRODUCT_NAME = "$(TARGET_NAME)";
			};
			name = Release;
		};
		45BF99E01A131E3A004E4E2E /* Debug */ = {
			isa = XCBuildConfiguration;
			buildSettings = {
				BUNDLE_LOADER = "$(TEST_HOST)";
				COMBINE_HIDPI_IMAGES = YES;
				FRAMEWORK_SEARCH_PATHS = (
					"$(DEVELOPER_FRAMEWORKS_DIR)",
					"$(inherited)",
				);
				GCC_PREPROCESSOR_DEFINITIONS = (
					"DEBUG=1",
					"$(inherited)",
				);
				INFOPLIST_FILE = TestdriveAppTests/Info.plist;
				LD_RUNPATH_SEARCH_PATHS = "$(inherited) @executable_path/../Frameworks @loader_path/../Frameworks";
				PRODUCT_NAME = "$(TARGET_NAME)";
				TEST_HOST = "$(BUILT_PRODUCTS_DIR)/TestdriveApp.app/Contents/MacOS/TestdriveApp";
			};
			name = Debug;
		};
		45BF99E11A131E3A004E4E2E /* Release */ = {
			isa = XCBuildConfiguration;
			buildSettings = {
				BUNDLE_LOADER = "$(TEST_HOST)";
				COMBINE_HIDPI_IMAGES = YES;
				FRAMEWORK_SEARCH_PATHS = (
					"$(DEVELOPER_FRAMEWORKS_DIR)",
					"$(inherited)",
				);
				INFOPLIST_FILE = TestdriveAppTests/Info.plist;
				LD_RUNPATH_SEARCH_PATHS = "$(inherited) @executable_path/../Frameworks @loader_path/../Frameworks";
				PRODUCT_NAME = "$(TARGET_NAME)";
				TEST_HOST = "$(BUILT_PRODUCTS_DIR)/TestdriveApp.app/Contents/MacOS/TestdriveApp";
			};
			name = Release;
		};
		45D970891A155D520037649F /* Debug */ = {
			isa = XCBuildConfiguration;
			buildSettings = {
				EXECUTABLE_PREFIX = lib;
				GCC_PREPROCESSOR_DEFINITIONS = (
					"DEBUG=1",
					"$(inherited)",
				);
				PRODUCT_NAME = "$(TARGET_NAME)";
			};
			name = Debug;
		};
		45D9708A1A155D520037649F /* Release */ = {
			isa = XCBuildConfiguration;
			buildSettings = {
				EXECUTABLE_PREFIX = lib;
				PRODUCT_NAME = "$(TARGET_NAME)";
			};
			name = Release;
		};
		45D9708C1A155D520037649F /* Debug */ = {
			isa = XCBuildConfiguration;
			buildSettings = {
				COMBINE_HIDPI_IMAGES = YES;
				FRAMEWORK_SEARCH_PATHS = (
					"$(DEVELOPER_FRAMEWORKS_DIR)",
					"$(inherited)",
				);
				GCC_PREPROCESSOR_DEFINITIONS = (
					"DEBUG=1",
					"$(inherited)",
				);
				INFOPLIST_FILE = EonilFileSystemEventsTests/Info.plist;
				LD_RUNPATH_SEARCH_PATHS = "$(inherited) @executable_path/../Frameworks @loader_path/../Frameworks";
				PRODUCT_NAME = "$(TARGET_NAME)";
			};
			name = Debug;
		};
		45D9708D1A155D520037649F /* Release */ = {
			isa = XCBuildConfiguration;
			buildSettings = {
				COMBINE_HIDPI_IMAGES = YES;
				FRAMEWORK_SEARCH_PATHS = (
					"$(DEVELOPER_FRAMEWORKS_DIR)",
					"$(inherited)",
				);
				INFOPLIST_FILE = EonilFileSystemEventsTests/Info.plist;
				LD_RUNPATH_SEARCH_PATHS = "$(inherited) @executable_path/../Frameworks @loader_path/../Frameworks";
				PRODUCT_NAME = "$(TARGET_NAME)";
			};
			name = Release;
		};
		45D9709B1A155DD50037649F /* Debug */ = {
			isa = XCBuildConfiguration;
			buildSettings = {
				GCC_PREPROCESSOR_DEFINITIONS = (
					"DEBUG=1",
					"$(inherited)",
				);
				PRODUCT_NAME = "$(TARGET_NAME)";
			};
			name = Debug;
		};
		45D9709C1A155DD50037649F /* Release */ = {
			isa = XCBuildConfiguration;
			buildSettings = {
				PRODUCT_NAME = "$(TARGET_NAME)";
			};
			name = Release;
		};
/* End XCBuildConfiguration section */

/* Begin XCConfigurationList section */
		45BF998D1A130C55004E4E2E /* Build configuration list for PBXProject "EonilFileSystemEvents" */ = {
			isa = XCConfigurationList;
			buildConfigurations = (
				45BF99A71A130C55004E4E2E /* Debug */,
				45BF99A81A130C55004E4E2E /* Release */,
			);
			defaultConfigurationIsVisible = 0;
			defaultConfigurationName = Release;
		};
		45BF99DC1A131E3A004E4E2E /* Build configuration list for PBXNativeTarget "TestdriveApp" */ = {
			isa = XCConfigurationList;
			buildConfigurations = (
				45BF99DD1A131E3A004E4E2E /* Debug */,
				45BF99DE1A131E3A004E4E2E /* Release */,
			);
			defaultConfigurationIsVisible = 0;
			defaultConfigurationName = Release;
		};
		45BF99DF1A131E3A004E4E2E /* Build configuration list for PBXNativeTarget "TestdriveAppTests" */ = {
			isa = XCConfigurationList;
			buildConfigurations = (
				45BF99E01A131E3A004E4E2E /* Debug */,
				45BF99E11A131E3A004E4E2E /* Release */,
			);
			defaultConfigurationIsVisible = 0;
			defaultConfigurationName = Release;
		};
		45D970881A155D520037649F /* Build configuration list for PBXNativeTarget "EonilFileSystemEvents" */ = {
			isa = XCConfigurationList;
			buildConfigurations = (
				45D970891A155D520037649F /* Debug */,
				45D9708A1A155D520037649F /* Release */,
			);
			defaultConfigurationIsVisible = 0;
		};
		45D9708B1A155D520037649F /* Build configuration list for PBXNativeTarget "EonilFileSystemEventsTests" */ = {
			isa = XCConfigurationList;
			buildConfigurations = (
				45D9708C1A155D520037649F /* Debug */,
				45D9708D1A155D520037649F /* Release */,
			);
			defaultConfigurationIsVisible = 0;
		};
		45D9709A1A155DD50037649F /* Build configuration list for PBXNativeTarget "Tester2" */ = {
			isa = XCConfigurationList;
			buildConfigurations = (
				45D9709B1A155DD50037649F /* Debug */,
				45D9709C1A155DD50037649F /* Release */,
			);
			defaultConfigurationIsVisible = 0;
		};
/* End XCConfigurationList section */
	};
	rootObject = 45BF998A1A130C55004E4E2E /* Project object */;
}
